# This file is generated by running "yarn install" inside your project.
# Manual changes might be lost - proceed with caution!

__metadata:
  version: 8
  cacheKey: 10c0

"case-anything@npm:^2.1.13":
  version: 2.1.13
  resolution: "case-anything@npm:2.1.13"
  checksum: b02ffa51d7d58b9a32df7b40973836e16afad131eae7d343e64cb3ca7be57a936bf3d6c9d57a7aa242cf2f545d9a33990b755e93bcac2517761d77773a4a6a30
  languageName: node
  linkType: hard

"kebab-or-snake@workspace:.":
  version: 0.0.0-use.local
  resolution: "kebab-or-snake@workspace:."
  dependencies:
    case-anything: "npm:^2.1.13"
  languageName: unknown
  linkType: soft
